
Microsoft Visual Studio Solution File, Format Version 12.00
# Visual Studio Version 17
VisualStudioVersion = 17.6.33723.286
MinimumVisualStudioVersion = 10.0.40219.1
Project("{FAE04EC0-301F-11D3-BF4B-00C04F79EFBC}") = "ElectronicShop", "ElectronicShop\ElectronicShop.csproj", "{377091CC-1D89-4436-9BC0-075A8C3F1A6B}"
EndProject
Global
	GlobalSection(SolutionConfigurationPlatforms) = preSolution
		Debug|Any CPU = Debug|Any CPU
		Release|Any CPU = Release|Any CPU
	EndGlobalSection
	GlobalSection(ProjectConfigurationPlatforms) = postSolution
		{377091CC-1D89-4436-9BC0-075A8C3F1A6B}.Debug|Any CPU.ActiveCfg = Debug|Any CPU
		{377091CC-1D89-4436-9BC0-075A8C3F1A6B}.Debug|Any CPU.Build.0 = Debug|Any CPU
		{377091CC-1D89-4436-9BC0-075A8C3F1A6B}.Release|Any CPU.ActiveCfg = Release|Any CPU
		{377091CC-1D89-4436-9BC0-075A8C3F1A6B}.Release|Any CPU.Build.0 = Release|Any CPU
	EndGlobalSection
	GlobalSection(SolutionProperties) = preSolution
		HideSolutionNode = FALSE
	EndGlobalSection
	GlobalSection(ExtensibilityGlobals) = postSolution
		SolutionGuid = {0531EE23-86EE-46D4-9BD9-D7F837EB9426}
	EndGlobalSection
EndGlobal
